
Microsoft Visual Studio Solution File, Format Version 12.00
# Visual Studio Version 18
VisualStudioVersion = 18.7.11925.98
MinimumVisualStudioVersion = 10.0.40219.1
Project("{FAE04EC0-301F-11D3-BF4B-00C04F79EFBC}") = "STARS-HttpClient", "STARS-HttpClient\STARS-HttpClient.csproj", "{9F0D551D-AC57-00B7-BE6F-0E6CBBF634D1}"
EndProject
Global
	GlobalSection(SolutionConfigurationPlatforms) = preSolution
		Debug|Any CPU = Debug|Any CPU
		Release|Any CPU = Release|Any CPU
	EndGlobalSection
	GlobalSection(ProjectConfigurationPlatforms) = postSolution
		{9F0D551D-AC57-00B7-BE6F-0E6CBBF634D1}.Debug|Any CPU.ActiveCfg = Debug|Any CPU
		{9F0D551D-AC57-00B7-BE6F-0E6CBBF634D1}.Debug|Any CPU.Build.0 = Debug|Any CPU
		{9F0D551D-AC57-00B7-BE6F-0E6CBBF634D1}.Release|Any CPU.ActiveCfg = Release|Any CPU
		{9F0D551D-AC57-00B7-BE6F-0E6CBBF634D1}.Release|Any CPU.Build.0 = Release|Any CPU
	EndGlobalSection
	GlobalSection(SolutionProperties) = preSolution
		HideSolutionNode = FALSE
	EndGlobalSection
	GlobalSection(ExtensibilityGlobals) = postSolution
		SolutionGuid = {D7EA9A49-F8CE-4104-976D-3758453DC4CD}
	EndGlobalSection
EndGlobal
